
Microsoft Visual Studio Solution File, Format Version 12.00
# Visual Studio 15
Project("{FAE04EC0-301F-11D3-BF4B-00C04F79EFBC}") = "Conway", "Conway\Conway.csproj", "{EBE61681-4A21-46A5-B175-D019BBCD71FD}"
EndProject
Project("{FAE04EC0-301F-11D3-BF4B-00C04F79EFBC}") = "Conway.Test", "Conway.Test\Conway.Test.csproj", "{39F8017B-0839-4846-8CB3-9AFA749615B3}"
EndProject
Global
	GlobalSection(SolutionConfigurationPlatforms) = preSolution
		Debug|Any CPU = Debug|Any CPU
		Release|Any CPU = Release|Any CPU
	EndGlobalSection
	GlobalSection(ProjectConfigurationPlatforms) = postSolution
		{EBE61681-4A21-46A5-B175-D019BBCD71FD}.Debug|Any CPU.ActiveCfg = Debug|Any CPU
		{EBE61681-4A21-46A5-B175-D019BBCD71FD}.Debug|Any CPU.Build.0 = Debug|Any CPU
		{EBE61681-4A21-46A5-B175-D019BBCD71FD}.Release|Any CPU.ActiveCfg = Release|Any CPU
		{EBE61681-4A21-46A5-B175-D019BBCD71FD}.Release|Any CPU.Build.0 = Release|Any CPU
		{39F8017B-0839-4846-8CB3-9AFA749615B3}.Debug|Any CPU.ActiveCfg = Debug|Any CPU
		{39F8017B-0839-4846-8CB3-9AFA749615B3}.Debug|Any CPU.Build.0 = Debug|Any CPU
		{39F8017B-0839-4846-8CB3-9AFA749615B3}.Release|Any CPU.ActiveCfg = Release|Any CPU
		{39F8017B-0839-4846-8CB3-9AFA749615B3}.Release|Any CPU.Build.0 = Release|Any CPU
	EndGlobalSection
EndGlobal
